// !$*UTF8*$!
{
	archiveVersion = 1;
	classes = {
	};
	objectVersion = 46;
	objects = {

/* Begin PBXBuildFile section */
		657AF9771D4903A500C147D2 /* AppDelegate.swift in Sources */ = {isa = PBXBuildFile; fileRef = 657AF9761D4903A500C147D2 /* AppDelegate.swift */; };
		657AF9791D4903A500C147D2 /* ViewController.swift in Sources */ = {isa = PBXBuildFile; fileRef = 657AF9781D4903A500C147D2 /* ViewController.swift */; };
		657AF97C1D4903A500C147D2 /* Main.storyboard in Resources */ = {isa = PBXBuildFile; fileRef = 657AF97A1D4903A500C147D2 /* Main.storyboard */; };
		657AF97E1D4903A500C147D2 /* Assets.xcassets in Resources */ = {isa = PBXBuildFile; fileRef = 657AF97D1D4903A500C147D2 /* Assets.xcassets */; };
		657AF9811D4903A500C147D2 /* LaunchScreen.storyboard in Resources */ = {isa = PBXBuildFile; fileRef = 657AF97F1D4903A500C147D2 /* LaunchScreen.storyboard */; };
		657AF98C1D4903A500C147D2 /* crashkitTests.swift in Sources */ = {isa = PBXBuildFile; fileRef = 657AF98B1D4903A500C147D2 /* crashkitTests.swift */; };
/* End PBXBuildFile section */

/* Begin PBXContainerItemProxy section */
		657AF9881D4903A500C147D2 /* PBXContainerItemProxy */ = {
			isa = PBXContainerItemProxy;
			containerPortal = 657AF96B1D4903A500C147D2 /* Project object */;
			proxyType = 1;
			remoteGlobalIDString = 657AF9721D4903A500C147D2;
			remoteInfo = crashkit;
		};
/* End PBXContainerItemProxy section */

/* Begin PBXFileReference section */
		657AF9731D4903A500C147D2 /* crashkit.app */ = {isa = PBXFileReference; explicitFileType = wrapper.application; includeInIndex = 0; path = crashkit.app; sourceTree = BUILT_PRODUCTS_DIR; };
		657AF9761D4903A500C147D2 /* AppDelegate.swift */ = {isa = PBXFileReference; lastKnownFileType = sourcecode.swift; path = AppDelegate.swift; sourceTree = "<group>"; };
		657AF9781D4903A500C147D2 /* ViewController.swift */ = {isa = PBXFileReference; lastKnownFileType = sourcecode.swift; path = ViewController.swift; sourceTree = "<group>"; };
		657AF97B1D4903A500C147D2 /* Base */ = {isa = PBXFileReference; lastKnownFileType = file.storyboard; name = Base; path = Base.lproj/Main.storyboard; sourceTree = "<group>"; };
		657AF97D1D4903A500C147D2 /* Assets.xcassets */ = {isa = PBXFileReference; lastKnownFileType = folder.assetcatalog; path = Assets.xcassets; sourceTree = "<group>"; };
		657AF9801D4903A500C147D2 /* Base */ = {isa = PBXFileReference; lastKnownFileType = file.storyboard; name = Base; path = Base.lproj/LaunchScreen.storyboard; sourceTree = "<group>"; };
		657AF9821D4903A500C147D2 /* Info.plist */ = {isa = PBXFileReference; lastKnownFileType = text.plist.xml; path = Info.plist; sourceTree = "<group>"; };
		657AF9871D4903A500C147D2 /* crashkitTests.xctest */ = {isa = PBXFileReference; explicitFileType = wrapper.cfbundle; includeInIndex = 0; path = crashkitTests.xctest; sourceTree = BUILT_PRODUCTS_DIR; };
		657AF98B1D4903A500C147D2 /* crashkitTests.swift */ = {isa = PBXFileReference; lastKnownFileType = sourcecode.swift; path = crashkitTests.swift; sourceTree = "<group>"; };
		657AF98D1D4903A500C147D2 /* Info.plist */ = {isa = PBXFileReference; lastKnownFileType = text.plist.xml; path = Info.plist; sourceTree = "<group>"; };
/* End PBXFileReference section */

/* Begin PBXFrameworksBuildPhase section */
		657AF9701D4903A500C147D2 /* Frameworks */ = {
			isa = PBXFrameworksBuildPhase;
			buildActionMask = 2147483647;
			files = (
			);
			runOnlyForDeploymentPostprocessing = 0;
		};
		657AF9841D4903A500C147D2 /* Frameworks */ = {
			isa = PBXFrameworksBuildPhase;
			buildActionMask = 2147483647;
			files = (
			);
			runOnlyForDeploymentPostprocessing = 0;
		};
/* End PBXFrameworksBuildPhase section */

/* Begin PBXGroup section */
		657AF96A1D4903A500C147D2 = {
			isa = PBXGroup;
			children = (
				657AF9751D4903A500C147D2 /* crashkit */,
				657AF98A1D4903A500C147D2 /* crashkitTests */,
				657AF9741D4903A500C147D2 /* Products */,
			);
			sourceTree = "<group>";
		};
		657AF9741D4903A500C147D2 /* Products */ = {
			isa = PBXGroup;
			children = (
				657AF9731D4903A500C147D2 /* crashkit.app */,
				657AF9871D4903A500C147D2 /* crashkitTests.xctest */,
			);
			name = Products;
			sourceTree = "<group>";
		};
		657AF9751D4903A500C147D2 /* crashkit */ = {
			isa = PBXGroup;
			children = (
				657AF9761D4903A500C147D2 /* AppDelegate.swift */,
				657AF9781D4903A500C147D2 /* ViewController.swift */,
				657AF97A1D4903A500C147D2 /* Main.storyboard */,
				657AF97D1D4903A500C147D2 /* Assets.xcassets */,
				657AF97F1D4903A500C147D2 /* LaunchScreen.storyboard */,
				657AF9821D4903A500C147D2 /* Info.plist */,
			);
			path = crashkit;
			sourceTree = "<group>";
		};
		657AF98A1D4903A500C147D2 /* crashkitTests */ = {
			isa = PBXGroup;
			children = (
				657AF98B1D4903A500C147D2 /* crashkitTests.swift */,
				657AF98D1D4903A500C147D2 /* Info.plist */,
			);
			path = crashkitTests;
			sourceTree = "<group>";
		};
/* End PBXGroup section */

/* Begin PBXNativeTarget section */
		657AF9721D4903A500C147D2 /* crashkit */ = {
			isa = PBXNativeTarget;
			buildConfigurationList = 657AF9901D4903A500C147D2 /* Build configuration list for PBXNativeTarget "crashkit" */;
			buildPhases = (
				657AF96F1D4903A500C147D2 /* Sources */,
				657AF9701D4903A500C147D2 /* Frameworks */,
				657AF9711D4903A500C147D2 /* Resources */,
			);
			buildRules = (
			);
			dependencies = (
			);
			name = crashkit;
			productName = crashkit;
			productReference = 657AF9731D4903A500C147D2 /* crashkit.app */;
			productType = "com.apple.product-type.application";
		};
		657AF9861D4903A500C147D2 /* crashkitTests */ = {
			isa = PBXNativeTarget;
			buildConfigurationList = 657AF9931D4903A500C147D2 /* Build configuration list for PBXNativeTarget "crashkitTests" */;
			buildPhases = (
				657AF9831D4903A500C147D2 /* Sources */,
				657AF9841D4903A500C147D2 /* Frameworks */,
				657AF9851D4903A500C147D2 /* Resources */,
			);
			buildRules = (
			);
			dependencies = (
				657AF9891D4903A500C147D2 /* PBXTargetDependency */,
			);
			name = crashkitTests;
			productName = crashkitTests;
			productReference = 657AF9871D4903A500C147D2 /* crashkitTests.xctest */;
			productType = "com.apple.product-type.bundle.unit-test";
		};
/* End PBXNativeTarget section */

/* Begin PBXProject section */
		657AF96B1D4903A500C147D2 /* Project object */ = {
			isa = PBXProject;
			attributes = {
				LastSwiftUpdateCheck = 0800;
				LastUpgradeCheck = 0800;
				ORGANIZATIONNAME = "Northern Trust";
				TargetAttributes = {
					657AF9721D4903A500C147D2 = {
						CreatedOnToolsVersion = 8.0;
						DevelopmentTeam = 924SS5N99P;
						DevelopmentTeamName = "Subrat Panigrahi";
						ProvisioningStyle = Automatic;
					};
					657AF9861D4903A500C147D2 = {
						CreatedOnToolsVersion = 8.0;
						DevelopmentTeam = 924SS5N99P;
						DevelopmentTeamName = "Subrat Panigrahi";
						ProvisioningStyle = Automatic;
						TestTargetID = 657AF9721D4903A500C147D2;
					};
				};
			};
			buildConfigurationList = 657AF96E1D4903A500C147D2 /* Build configuration list for PBXProject "crashkit" */;
			compatibilityVersion = "Xcode 3.2";
			developmentRegion = English;
			hasScannedForEncodings = 0;
			knownRegions = (
				en,
				Base,
			);
			mainGroup = 657AF96A1D4903A500C147D2;
			productRefGroup = 657AF9741D4903A500C147D2 /* Products */;
			projectDirPath = "";
			projectRoot = "";
			targets = (
				657AF9721D4903A500C147D2 /* crashkit */,
				657AF9861D4903A500C147D2 /* crashkitTests */,
			);
		};
/* End PBXProject section */

/* Begin PBXResourcesBuildPhase section */
		657AF9711D4903A500C147D2 /* Resources */ = {
			isa = PBXResourcesBuildPhase;
			buildActionMask = 2147483647;
			files = (
				657AF9811D4903A500C147D2 /* LaunchScreen.storyboard in Resources */,
				657AF97E1D4903A500C147D2 /* Assets.xcassets in Resources */,
				657AF97C1D4903A500C147D2 /* Main.storyboard in Resources */,
			);
			runOnlyForDeploymentPostprocessing = 0;
		};
		657AF9851D4903A500C147D2 /* Resources */ = {
			isa = PBXResourcesBuildPhase;
			buildActionMask = 2147483647;
			files = (
			);
			runOnlyForDeploymentPostprocessing = 0;
		};
/* End PBXResourcesBuildPhase section */

/* Begin PBXSourcesBuildPhase section */
		657AF96F1D4903A500C147D2 /* Sources */ = {
			isa = PBXSourcesBuildPhase;
			buildActionMask = 2147483647;
			files = (
				657AF9791D4903A500C147D2 /* ViewController.swift in Sources */,
				657AF9771D4903A500C147D2 /* AppDelegate.swift in Sources */,
			);
			runOnlyForDeploymentPostprocessing = 0;
		};
		657AF9831D4903A500C147D2 /* Sources */ = {
			isa = PBXSourcesBuildPhase;
			buildActionMask = 2147483647;
			files = (
				657AF98C1D4903A500C147D2 /* crashkitTests.swift in Sources */,
			);
			runOnlyForDeploymentPostprocessing = 0;
		};
/* End PBXSourcesBuildPhase section */

/* Begin PBXTargetDependency section */
		657AF9891D4903A500C147D2 /* PBXTargetDependency */ = {
			isa = PBXTargetDependency;
			target = 657AF9721D4903A500C147D2 /* crashkit */;
			targetProxy = 657AF9881D4903A500C147D2 /* PBXContainerItemProxy */;
		};
/* End PBXTargetDependency section */

/* Begin PBXVariantGroup section */
		657AF97A1D4903A500C147D2 /* Main.storyboard */ = {
			isa = PBXVariantGroup;
			children = (
				657AF97B1D4903A500C147D2 /* Base */,
			);
			name = Main.storyboard;
			sourceTree = "<group>";
		};
		657AF97F1D4903A500C147D2 /* LaunchScreen.storyboard */ = {
			isa = PBXVariantGroup;
			children = (
				657AF9801D4903A500C147D2 /* Base */,
			);
			name = LaunchScreen.storyboard;
			sourceTree = "<group>";
		};
/* End PBXVariantGroup section */

/* Begin XCBuildConfiguration section */
		657AF98E1D4903A500C147D2 /* Debug */ = {
			isa = XCBuildConfiguration;
			buildSettings = {
				ALWAYS_SEARCH_USER_PATHS = NO;
				CLANG_ANALYZER_NONNULL = YES;
				CLANG_CXX_LANGUAGE_STANDARD = "gnu++0x";
				CLANG_CXX_LIBRARY = "libc++";
				CLANG_ENABLE_MODULES = YES;
				CLANG_ENABLE_OBJC_ARC = YES;
				CLANG_WARN_BOOL_CONVERSION = YES;
				CLANG_WARN_CONSTANT_CONVERSION = YES;
				CLANG_WARN_DIRECT_OBJC_ISA_USAGE = YES_ERROR;
				CLANG_WARN_DOCUMENTATION_COMMENTS = YES;
				CLANG_WARN_EMPTY_BODY = YES;
				CLANG_WARN_ENUM_CONVERSION = YES;
				CLANG_WARN_INT_CONVERSION = YES;
				CLANG_WARN_OBJC_ROOT_CLASS = YES_ERROR;
				CLANG_WARN_UNREACHABLE_CODE = YES;
				CLANG_WARN__DUPLICATE_METHOD_MATCH = YES;
				"CODE_SIGN_IDENTITY[sdk=iphoneos*]" = "iPhone Developer";
				COPY_PHASE_STRIP = NO;
				DEBUG_INFORMATION_FORMAT = dwarf;
				ENABLE_STRICT_OBJC_MSGSEND = YES;
				ENABLE_TESTABILITY = YES;
				GCC_C_LANGUAGE_STANDARD = gnu99;
				GCC_DYNAMIC_NO_PIC = NO;
				GCC_NO_COMMON_BLOCKS = YES;
				GCC_OPTIMIZATION_LEVEL = 0;
				GCC_PREPROCESSOR_DEFINITIONS = (
					"DEBUG=1",
					"$(inherited)",
				);
				GCC_WARN_64_TO_32_BIT_CONVERSION = YES;
				GCC_WARN_ABOUT_RETURN_TYPE = YES_ERROR;
				GCC_WARN_UNDECLARED_SELECTOR = YES;
				GCC_WARN_UNINITIALIZED_AUTOS = YES_AGGRESSIVE;
				GCC_WARN_UNUSED_FUNCTION = YES;
				GCC_WARN_UNUSED_VARIABLE = YES;
				IPHONEOS_DEPLOYMENT_TARGET = 10.0;
				MTL_ENABLE_DEBUG_INFO = YES;
				ONLY_ACTIVE_ARCH = YES;
				SDKROOT = iphoneos;
				SWIFT_ACTIVE_COMPILATION_CONDITIONS = DEBUG;
				SWIFT_OPTIMIZATION_LEVEL = "-Onone";
				TARGETED_DEVICE_FAMILY = "1,2";
			};
			name = Debug;
		};
		657AF98F1D4903A500C147D2 /* Release */ = {
			isa = XCBuildConfiguration;
			buildSettings = {
				ALWAYS_SEARCH_USER_PATHS = NO;
				CLANG_ANALYZER_NONNULL = YES;
				CLANG_CXX_LANGUAGE_STANDARD = "gnu++0x";
				CLANG_CXX_LIBRARY = "libc++";
				CLANG_ENABLE_MODULES = YES;
				CLANG_ENABLE_OBJC_ARC = YES;
				CLANG_WARN_BOOL_CONVERSION = YES;
				CLANG_WARN_CONSTANT_CONVERSION = YES;
				CLANG_WARN_DIRECT_OBJC_ISA_USAGE = YES_ERROR;
				CLANG_WARN_DOCUMENTATION_COMMENTS = YES;
				CLANG_WARN_EMPTY_BODY = YES;
				CLANG_WARN_ENUM_CONVERSION = YES;
				CLANG_WARN_INT_CONVERSION = YES;
				CLANG_WARN_OBJC_ROOT_CLASS = YES_ERROR;
				CLANG_WARN_UNREACHABLE_CODE = YES;
				CLANG_WARN__DUPLICATE_METHOD_MATCH = YES;
				"CODE_SIGN_IDENTITY[sdk=iphoneos*]" = "iPhone Developer";
				COPY_PHASE_STRIP = NO;
				DEBUG_INFORMATION_FORMAT = "dwarf-with-dsym";
				ENABLE_NS_ASSERTIONS = NO;
				ENABLE_STRICT_OBJC_MSGSEND = YES;
				GCC_C_LANGUAGE_STANDARD = gnu99;
				GCC_NO_COMMON_BLOCKS = YES;
				GCC_WARN_64_TO_32_BIT_CONVERSION = YES;
				GCC_WARN_ABOUT_RETURN_TYPE = YES_ERROR;
				GCC_WARN_UNDECLARED_SELECTOR = YES;
				GCC_WARN_UNINITIALIZED_AUTOS = YES_AGGRESSIVE;
				GCC_WARN_UNUSED_FUNCTION = YES;
				GCC_WARN_UNUSED_VARIABLE = YES;
				IPHONEOS_DEPLOYMENT_TARGET = 10.0;
				MTL_ENABLE_DEBUG_INFO = NO;
				SDKROOT = iphoneos;
				SWIFT_OPTIMIZATION_LEVEL = "-Owholemodule";
				TARGETED_DEVICE_FAMILY = "1,2";
				VALIDATE_PRODUCT = YES;
			};
			name = Release;
		};
		657AF9911D4903A500C147D2 /* Debug */ = {
			isa = XCBuildConfiguration;
			buildSettings = {
				ASSETCATALOG_COMPILER_APPICON_NAME = AppIcon;
				INFOPLIST_FILE = crashkit/Info.plist;
				LD_RUNPATH_SEARCH_PATHS = "$(inherited) @executable_path/Frameworks";
				PRODUCT_BUNDLE_IDENTIFIER = com.ntrs..crashkit;
				PRODUCT_NAME = "$(TARGET_NAME)";
				SWIFT_VERSION = 3.0;
			};
			name = Debug;
		};
		657AF9921D4903A500C147D2 /* Release */ = {
			isa = XCBuildConfiguration;
			buildSettings = {
				ASSETCATALOG_COMPILER_APPICON_NAME = AppIcon;
				INFOPLIST_FILE = crashkit/Info.plist;
				LD_RUNPATH_SEARCH_PATHS = "$(inherited) @executable_path/Frameworks";
				PRODUCT_BUNDLE_IDENTIFIER = com.ntrs..crashkit;
				PRODUCT_NAME = "$(TARGET_NAME)";
				SWIFT_VERSION = 3.0;
			};
			name = Release;
		};
		657AF9941D4903A500C147D2 /* Debug */ = {
			isa = XCBuildConfiguration;
			buildSettings = {
				BUNDLE_LOADER = "$(TEST_HOST)";
				INFOPLIST_FILE = crashkitTests/Info.plist;
				LD_RUNPATH_SEARCH_PATHS = "$(inherited) @executable_path/Frameworks @loader_path/Frameworks";
				PRODUCT_BUNDLE_IDENTIFIER = com.ntrs..crashkitTests;
				PRODUCT_NAME = "$(TARGET_NAME)";
				SWIFT_VERSION = 3.0;
				TEST_HOST = "$(BUILT_PRODUCTS_DIR)/crashkit.app/crashkit";
			};
			name = Debug;
		};
		657AF9951D4903A500C147D2 /* Release */ = {
			isa = XCBuildConfiguration;
			buildSettings = {
				BUNDLE_LOADER = "$(TEST_HOST)";
				INFOPLIST_FILE = crashkitTests/Info.plist;
				LD_RUNPATH_SEARCH_PATHS = "$(inherited) @executable_path/Frameworks @loader_path/Frameworks";
				PRODUCT_BUNDLE_IDENTIFIER = com.ntrs..crashkitTests;
				PRODUCT_NAME = "$(TARGET_NAME)";
				SWIFT_VERSION = 3.0;
				TEST_HOST = "$(BUILT_PRODUCTS_DIR)/crashkit.app/crashkit";
			};
			name = Release;
		};
/* End XCBuildConfiguration section */

/* Begin XCConfigurationList section */
		657AF96E1D4903A500C147D2 /* Build configuration list for PBXProject "crashkit" */ = {
			isa = XCConfigurationList;
			buildConfigurations = (
				657AF98E1D4903A500C147D2 /* Debug */,
				657AF98F1D4903A500C147D2 /* Release */,
			);
			defaultConfigurationIsVisible = 0;
			defaultConfigurationName = Release;
		};
		657AF9901D4903A500C147D2 /* Build configuration list for PBXNativeTarget "crashkit" */ = {
			isa = XCConfigurationList;
			buildConfigurations = (
				657AF9911D4903A500C147D2 /* Debug */,
				657AF9921D4903A500C147D2 /* Release */,
			);
			defaultConfigurationIsVisible = 0;
		};
		657AF9931D4903A500C147D2 /* Build configuration list for PBXNativeTarget "crashkitTests" */ = {
			isa = XCConfigurationList;
			buildConfigurations = (
				657AF9941D4903A500C147D2 /* Debug */,
				657AF9951D4903A500C147D2 /* Release */,
			);
			defaultConfigurationIsVisible = 0;
		};
/* End XCConfigurationList section */
	};
	rootObject = 657AF96B1D4903A500C147D2 /* Project object */;
}
